github.com/n0-computer/iroh-ffi v0.0.7-0.20230922195142-3856eba29591 h1:MZfhX8hIAkIz1etnMchmhScSKfkzJy0VkqYxS4gwEzs=
github.com/n0-computer/iroh-ffi v0.0.7-0.20230922195142-3856eba29591/go.mod h1:puyEestvwIzSzADHLSeUe/vM2CyljV5hhKz6hcu7t94=
github.com/n0-computer/iroh-ffi v0.0.7-0.20230927174552-77938699b905 h1:4djPw1iRtcsmA1qN7l7sd03U/pxkx/JFJ4yJO5RQofE=
github.com/n0-computer/iroh-ffi v0.0.7-0.20230927174552-77938699b905/go.mod h1:puyEestvwIzSzADHLSeUe/vM2CyljV5hhKz6hcu7t94=
