# This file is automatically @generated by Cargo.
# It is not intended for manual editing.
version = 3

[[package]]
name = "anyhow"
version = "1.0.86"
source = "registry+https://github.com/rust-lang/crates.io-index"
checksum = "b3d1d046238990b9cf5bcde22a3fb3584ee5cf65fb2765f454ed428c7a0063da"

[[package]]
name = "autocfg"
version = "1.3.0"
source = "registry+https://github.com/rust-lang/crates.io-index"
checksum = "0c4b4d0bd25bd0b74681c0ad21497610ce1b7c91b1022cd21c80c6fbdd9476b0"

[[package]]
name = "base64"
version = "0.22.1"
source = "registry+https://github.com/rust-lang/crates.io-index"
checksum = "72b3254f16251a8381aa12e40e3c4d2f0199f8c6508fbecb9d91f575e0fbb8c6"

[[package]]
name = "bytemuck"
version = "1.16.1"
source = "registry+https://github.com/rust-lang/crates.io-index"
checksum = "b236fc92302c97ed75b38da1f4917b5cdda4984745740f153a5d3059e48d725e"

[[package]]
name = "byteorder"
version = "1.5.0"
source = "registry+https://github.com/rust-lang/crates.io-index"
checksum = "1fd0f2584146f6f2ef48085050886acf353beff7305ebd1ae69500e27c67f64b"

[[package]]
name = "bytes"
version = "1.6.1"
source = "registry+https://github.com/rust-lang/crates.io-index"
checksum = "a12916984aab3fa6e39d655a33e09c0071eb36d6ab3aea5c2d78551f1df6d952"

[[package]]
name = "either"
version = "1.13.0"
source = "registry+https://github.com/rust-lang/crates.io-index"
checksum = "60b1af1c220855b6ceac025d3f6ecdd2b7c4894bfe9cd9bda4fbb4bc7c0d4cf0"

[[package]]
name = "equivalent"
version = "1.0.1"
source = "registry+https://github.com/rust-lang/crates.io-index"
checksum = "5443807d6dff69373d433ab9ef5378ad8df50ca6298caf15de6e52e24aaf54d5"

[[package]]
name = "extism-convert"
version = "1.4.1"
source = "registry+https://github.com/rust-lang/crates.io-index"
checksum = "2e5a978634c28e4b150213cc8265c211f24421a8ee5dea4126ece0dc60cbc709"
dependencies = [
 "anyhow",
 "base64",
 "bytemuck",
 "extism-convert-macros",
 "prost",
 "rmp-serde",
 "serde",
 "serde_json",
]

[[package]]
name = "extism-convert-macros"
version = "1.4.1"
source = "registry+https://github.com/rust-lang/crates.io-index"
checksum = "c40464260bcb3982b9e1967e2446ebea4a4637772c1b39f29b6410f555367092"
dependencies = [
 "manyhow",
 "proc-macro-crate",
 "proc-macro2",
 "quote",
 "syn",
]

[[package]]
name = "extism-manifest"
version = "1.4.1"
source = "registry+https://github.com/rust-lang/crates.io-index"
checksum = "a60b6ea31edc0831e28665b4e808175dd5acd4602bfcc5d31f09c97f334238d1"
dependencies = [
 "base64",
 "serde",
 "serde_json",
]

[[package]]
name = "extism-pdk"
version = "1.2.0"
source = "registry+https://github.com/rust-lang/crates.io-index"
checksum = "c26a361aeddab8ebbb6157eeed9a8341358d6843c5f5a53677466caf5f0b5eaf"
dependencies = [
 "anyhow",
 "base64",
 "extism-convert",
 "extism-manifest",
 "extism-pdk-derive",
 "serde",
 "serde_json",
]

[[package]]
name = "extism-pdk-derive"
version = "1.2.0"
source = "registry+https://github.com/rust-lang/crates.io-index"
checksum = "3a024b0f20295098d1d19ad443fad077c1d8c1d81d09a2c20f0618ebd201517e"
dependencies = [
 "proc-macro2",
 "quote",
 "syn",
]

[[package]]
name = "hashbrown"
version = "0.14.5"
source = "registry+https://github.com/rust-lang/crates.io-index"
checksum = "e5274423e17b7c9fc20b6e7e208532f9b19825d82dfd615708b70edd83df41f1"

[[package]]
name = "indexmap"
version = "2.2.6"
source = "registry+https://github.com/rust-lang/crates.io-index"
checksum = "168fb715dda47215e360912c096649d23d58bf392ac62f73919e831745e40f26"
dependencies = [
 "equivalent",
 "hashbrown",
]

[[package]]
name = "itertools"
version = "0.12.1"
source = "registry+https://github.com/rust-lang/crates.io-index"
checksum = "ba291022dbbd398a455acf126c1e341954079855bc60dfdda641363bd6922569"
dependencies = [
 "either",
]

[[package]]
name = "itoa"
version = "1.0.11"
source = "registry+https://github.com/rust-lang/crates.io-index"
checksum = "49f1f14873335454500d59611f1cf4a4b0f786f9ac11f4312a78e4cf2566695b"

[[package]]
name = "manyhow"
version = "0.11.2"
source = "registry+https://github.com/rust-lang/crates.io-index"
checksum = "5cd6f926e78fef0cec6bb95e121c8dddb92c17312e52f57f7689d226e3df69f8"
dependencies = [
 "manyhow-macros",
 "proc-macro2",
 "quote",
 "syn",
]

[[package]]
name = "manyhow-macros"
version = "0.11.2"
source = "registry+https://github.com/rust-lang/crates.io-index"
checksum = "566a27a03399114400edb60879d71d612baba38b8f612ce3fbfff00fd399e52c"
dependencies = [
 "proc-macro-utils",
 "proc-macro2",
 "quote",
]

[[package]]
name = "memchr"
version = "2.7.4"
source = "registry+https://github.com/rust-lang/crates.io-index"
checksum = "78ca9ab1a0babb1e7d5695e3530886289c18cf2f87ec19a575a0abdce112e3a3"

[[package]]
name = "num-traits"
version = "0.2.19"
source = "registry+https://github.com/rust-lang/crates.io-index"
checksum = "071dfc062690e90b734c0b2273ce72ad0ffa95f0c74596bc250dcfd960262841"
dependencies = [
 "autocfg",
]

[[package]]
name = "paste"
version = "1.0.15"
source = "registry+https://github.com/rust-lang/crates.io-index"
checksum = "57c0d7b74b563b49d38dae00a0c37d4d6de9b432382b2892f0574ddcae73fd0a"

[[package]]
name = "plugin"
version = "0.1.0"
dependencies = [
 "extism-pdk",
]

[[package]]
name = "proc-macro-crate"
version = "3.1.0"
source = "registry+https://github.com/rust-lang/crates.io-index"
checksum = "6d37c51ca738a55da99dc0c4a34860fd675453b8b36209178c2249bb13651284"
dependencies = [
 "toml_edit",
]

[[package]]
name = "proc-macro-utils"
version = "0.8.0"
source = "registry+https://github.com/rust-lang/crates.io-index"
checksum = "3f59e109e2f795a5070e69578c4dc101068139f74616778025ae1011d4cd41a8"
dependencies = [
 "proc-macro2",
 "quote",
 "smallvec",
]

[[package]]
name = "proc-macro2"
version = "1.0.86"
source = "registry+https://github.com/rust-lang/crates.io-index"
checksum = "5e719e8df665df0d1c8fbfd238015744736151d4445ec0836b8e628aae103b77"
dependencies = [
 "unicode-ident",
]

[[package]]
name = "prost"
version = "0.12.6"
source = "registry+https://github.com/rust-lang/crates.io-index"
checksum = "deb1435c188b76130da55f17a466d252ff7b1418b2ad3e037d127b94e3411f29"
dependencies = [
 "bytes",
 "prost-derive",
]

[[package]]
name = "prost-derive"
version = "0.12.6"
source = "registry+https://github.com/rust-lang/crates.io-index"
checksum = "81bddcdb20abf9501610992b6759a4c888aef7d1a7247ef75e2404275ac24af1"
dependencies = [
 "anyhow",
 "itertools",
 "proc-macro2",
 "quote",
 "syn",
]

[[package]]
name = "quote"
version = "1.0.36"
source = "registry+https://github.com/rust-lang/crates.io-index"
checksum = "0fa76aaf39101c457836aec0ce2316dbdc3ab723cdda1c6bd4e6ad4208acaca7"
dependencies = [
 "proc-macro2",
]

[[package]]
name = "rmp"
version = "0.8.14"
source = "registry+https://github.com/rust-lang/crates.io-index"
checksum = "228ed7c16fa39782c3b3468e974aec2795e9089153cd08ee2e9aefb3613334c4"
dependencies = [
 "byteorder",
 "num-traits",
 "paste",
]

[[package]]
name = "rmp-serde"
version = "1.3.0"
source = "registry+https://github.com/rust-lang/crates.io-index"
checksum = "52e599a477cf9840e92f2cde9a7189e67b42c57532749bf90aea6ec10facd4db"
dependencies = [
 "byteorder",
 "rmp",
 "serde",
]

[[package]]
name = "ryu"
version = "1.0.18"
source = "registry+https://github.com/rust-lang/crates.io-index"
checksum = "f3cb5ba0dc43242ce17de99c180e96db90b235b8a9fdc9543c96d2209116bd9f"

[[package]]
name = "serde"
version = "1.0.204"
source = "registry+https://github.com/rust-lang/crates.io-index"
checksum = "bc76f558e0cbb2a839d37354c575f1dc3fdc6546b5be373ba43d95f231bf7c12"
dependencies = [
 "serde_derive",
]

[[package]]
name = "serde_derive"
version = "1.0.204"
source = "registry+https://github.com/rust-lang/crates.io-index"
checksum = "e0cd7e117be63d3c3678776753929474f3b04a43a080c744d6b0ae2a8c28e222"
dependencies = [
 "proc-macro2",
 "quote",
 "syn",
]

[[package]]
name = "serde_json"
version = "1.0.120"
source = "registry+https://github.com/rust-lang/crates.io-index"
checksum = "4e0d21c9a8cae1235ad58a00c11cb40d4b1e5c784f1ef2c537876ed6ffd8b7c5"
dependencies = [
 "itoa",
 "ryu",
 "serde",
]

[[package]]
name = "smallvec"
version = "1.13.2"
source = "registry+https://github.com/rust-lang/crates.io-index"
checksum = "3c5e1a9a646d36c3599cd173a41282daf47c44583ad367b8e6837255952e5c67"

[[package]]
name = "syn"
version = "2.0.72"
source = "registry+https://github.com/rust-lang/crates.io-index"
checksum = "dc4b9b9bf2add8093d3f2c0204471e951b2285580335de42f9d2534f3ae7a8af"
dependencies = [
 "proc-macro2",
 "quote",
 "unicode-ident",
]

[[package]]
name = "toml_datetime"
version = "0.6.6"
source = "registry+https://github.com/rust-lang/crates.io-index"
checksum = "4badfd56924ae69bcc9039335b2e017639ce3f9b001c393c1b2d1ef846ce2cbf"

[[package]]
name = "toml_edit"
version = "0.21.1"
source = "registry+https://github.com/rust-lang/crates.io-index"
checksum = "6a8534fd7f78b5405e860340ad6575217ce99f38d4d5c8f2442cb5ecb50090e1"
dependencies = [
 "indexmap",
 "toml_datetime",
 "winnow",
]

[[package]]
name = "unicode-ident"
version = "1.0.12"
source = "registry+https://github.com/rust-lang/crates.io-index"
checksum = "3354b9ac3fae1ff6755cb6db53683adb661634f67557942dea4facebec0fee4b"

[[package]]
name = "winnow"
version = "0.5.40"
source = "registry+https://github.com/rust-lang/crates.io-index"
checksum = "f593a95398737aeed53e489c785df13f3618e41dbcd6718c6addbf1395aa6876"
dependencies = [
 "memchr",
]
